// !$*UTF8*$!
{
	archiveVersion = 1;
	classes = {
	};
	objectVersion = 77;
	objects = {

/* Begin PBXBuildFile section */
		9390543C2E96E99D00908A7E /* .gitignore in Resources */ = {isa = PBXBuildFile; fileRef = 9390543B2E96E99700908A7E /* .gitignore */; };
		93A1AA3A2EA1A040005B208F /* FirebaseAnalytics in Frameworks */ = {isa = PBXBuildFile; productRef = 93A1AA392EA1A040005B208F /* FirebaseAnalytics */; };
		93A1AA3C2EA1A040005B208F /* FirebaseAuth in Frameworks */ = {isa = PBXBuildFile; productRef = 93A1AA3B2EA1A040005B208F /* FirebaseAuth */; };
		93A1AA3E2EA1A040005B208F /* FirebaseCore in Frameworks */ = {isa = PBXBuildFile; productRef = 93A1AA3D2EA1A040005B208F /* FirebaseCore */; };
		93A1AA402EA1A040005B208F /* FirebaseFirestore in Frameworks */ = {isa = PBXBuildFile; productRef = 93A1AA3F2EA1A040005B208F /* FirebaseFirestore */; };
		93A1AA422EA1A040005B208F /* FirebaseStorage in Frameworks */ = {isa = PBXBuildFile; productRef = 93A1AA412EA1A040005B208F /* FirebaseStorage */; };
/* End PBXBuildFile section */

/* Begin PBXContainerItemProxy section */
		939054112E96E73B00908A7E /* PBXContainerItemProxy */ = {
			isa = PBXContainerItemProxy;
			containerPortal = 939053FB2E96E73100908A7E /* Project object */;
			proxyType = 1;
			remoteGlobalIDString = 939054022E96E73100908A7E;
			remoteInfo = TouchGrass;
		};
		9390541B2E96E73B00908A7E /* PBXContainerItemProxy */ = {
			isa = PBXContainerItemProxy;
			containerPortal = 939053FB2E96E73100908A7E /* Project object */;
			proxyType = 1;
			remoteGlobalIDString = 939054022E96E73100908A7E;
			remoteInfo = TouchGrass;
		};
/* End PBXContainerItemProxy section */

/* Begin PBXFileReference section */
		9390543B2E96E99700908A7E /* .gitignore */ = {isa = PBXFileReference; lastKnownFileType = text; path = .gitignore; sourceTree = "<group>"; };
		93A1AA242EA1978A005B208F /* TouchGrass.app */ = {isa = PBXFileReference; explicitFileType = wrapper.application; includeInIndex = 0; path = TouchGrass.app; sourceTree = BUILT_PRODUCTS_DIR; };
		93A1AA252EA1978A005B208F /* TouchGrassTests.xctest */ = {isa = PBXFileReference; explicitFileType = wrapper.cfbundle; includeInIndex = 0; path = TouchGrassTests.xctest; sourceTree = BUILT_PRODUCTS_DIR; };
		93A1AA262EA1978A005B208F /* TouchGrassUITests.xctest */ = {isa = PBXFileReference; explicitFileType = wrapper.cfbundle; includeInIndex = 0; path = TouchGrassUITests.xctest; sourceTree = BUILT_PRODUCTS_DIR; };
/* End PBXFileReference section */

/* Begin PBXFileSystemSynchronizedRootGroup section */
		939054052E96E73100908A7E /* TouchGrass */ = {
			isa = PBXFileSystemSynchronizedRootGroup;
			path = TouchGrass;
			sourceTree = "<group>";
		};
		939054132E96E73B00908A7E /* TouchGrassTests */ = {
			isa = PBXFileSystemSynchronizedRootGroup;
			path = TouchGrassTests;
			sourceTree = "<group>";
		};
		9390541D2E96E73B00908A7E /* TouchGrassUITests */ = {
			isa = PBXFileSystemSynchronizedRootGroup;
			path = TouchGrassUITests;
			sourceTree = "<group>";
		};
/* End PBXFileSystemSynchronizedRootGroup section */

/* Begin PBXFrameworksBuildPhase section */
		939054002E96E73100908A7E /* Frameworks */ = {
			isa = PBXFrameworksBuildPhase;
			buildActionMask = 2147483647;
			files = (
				93A1AA3A2EA1A040005B208F /* FirebaseAnalytics in Frameworks */,
				93A1AA402EA1A040005B208F /* FirebaseFirestore in Frameworks */,
				93A1AA3E2EA1A040005B208F /* FirebaseCore in Frameworks */,
				93A1AA422EA1A040005B208F /* FirebaseStorage in Frameworks */,
				93A1AA3C2EA1A040005B208F /* FirebaseAuth in Frameworks */,
			);
			runOnlyForDeploymentPostprocessing = 0;
		};
		9390540D2E96E73B00908A7E /* Frameworks */ = {
			isa = PBXFrameworksBuildPhase;
			buildActionMask = 2147483647;
			files = (
			);
			runOnlyForDeploymentPostprocessing = 0;
		};
		939054172E96E73B00908A7E /* Frameworks */ = {
			isa = PBXFrameworksBuildPhase;
			buildActionMask = 2147483647;
			files = (
			);
			runOnlyForDeploymentPostprocessing = 0;
		};
/* End PBXFrameworksBuildPhase section */

/* Begin PBXGroup section */
		939053FA2E96E73100908A7E = {
			isa = PBXGroup;
			children = (
				939054052E96E73100908A7E /* TouchGrass */,
				939054132E96E73B00908A7E /* TouchGrassTests */,
				9390541D2E96E73B00908A7E /* TouchGrassUITests */,
				9390543B2E96E99700908A7E /* .gitignore */,
				93A1AA242EA1978A005B208F /* TouchGrass.app */,
				93A1AA252EA1978A005B208F /* TouchGrassTests.xctest */,
				93A1AA262EA1978A005B208F /* TouchGrassUITests.xctest */,
			);
			sourceTree = "<group>";
		};
/* End PBXGroup section */

/* Begin PBXNativeTarget section */
		939054022E96E73100908A7E /* TouchGrass */ = {
			isa = PBXNativeTarget;
			buildConfigurationList = 939054242E96E73B00908A7E /* Build configuration list for PBXNativeTarget "TouchGrass" */;
			buildPhases = (
				939053FF2E96E73100908A7E /* Sources */,
				939054002E96E73100908A7E /* Frameworks */,
				939054012E96E73100908A7E /* Resources */,
			);
			buildRules = (
			);
			dependencies = (
			);
			fileSystemSynchronizedGroups = (
				939054052E96E73100908A7E /* TouchGrass */,
			);
			name = TouchGrass;
			packageProductDependencies = (
				93A1AA392EA1A040005B208F /* FirebaseAnalytics */,
				93A1AA3B2EA1A040005B208F /* FirebaseAuth */,
				93A1AA3D2EA1A040005B208F /* FirebaseCore */,
				93A1AA3F2EA1A040005B208F /* FirebaseFirestore */,
				93A1AA412EA1A040005B208F /* FirebaseStorage */,
			);
			productName = TouchGrass;
			productReference = 93A1AA242EA1978A005B208F /* TouchGrass.app */;
			productType = "com.apple.product-type.application";
		};
		9390540F2E96E73B00908A7E /* TouchGrassTests */ = {
			isa = PBXNativeTarget;
			buildConfigurationList = 939054272E96E73B00908A7E /* Build configuration list for PBXNativeTarget "TouchGrassTests" */;
			buildPhases = (
				9390540C2E96E73B00908A7E /* Sources */,
				9390540D2E96E73B00908A7E /* Frameworks */,
				9390540E2E96E73B00908A7E /* Resources */,
			);
			buildRules = (
			);
			dependencies = (
				939054122E96E73B00908A7E /* PBXTargetDependency */,
			);
			fileSystemSynchronizedGroups = (
				939054132E96E73B00908A7E /* TouchGrassTests */,
			);
			name = TouchGrassTests;
			packageProductDependencies = (
			);
			productName = TouchGrassTests;
			productReference = 93A1AA252EA1978A005B208F /* TouchGrassTests.xctest */;
			productType = "com.apple.product-type.bundle.unit-test";
		};
		939054192E96E73B00908A7E /* TouchGrassUITests */ = {
			isa = PBXNativeTarget;
			buildConfigurationList = 9390542A2E96E73B00908A7E /* Build configuration list for PBXNativeTarget "TouchGrassUITests" */;
			buildPhases = (
				939054162E96E73B00908A7E /* Sources */,
				939054172E96E73B00908A7E /* Frameworks */,
				939054182E96E73B00908A7E /* Resources */,
			);
			buildRules = (
			);
			dependencies = (
				9390541C2E96E73B00908A7E /* PBXTargetDependency */,
			);
			fileSystemSynchronizedGroups = (
				9390541D2E96E73B00908A7E /* TouchGrassUITests */,
			);
			name = TouchGrassUITests;
			packageProductDependencies = (
			);
			productName = TouchGrassUITests;
			productReference = 93A1AA262EA1978A005B208F /* TouchGrassUITests.xctest */;
			productType = "com.apple.product-type.bundle.ui-testing";
		};
/* End PBXNativeTarget section */

/* Begin PBXProject section */
		939053FB2E96E73100908A7E /* Project object */ = {
			isa = PBXProject;
			attributes = {
				BuildIndependentTargetsInParallel = 1;
				LastSwiftUpdateCheck = 1640;
				LastUpgradeCheck = 1640;
				TargetAttributes = {
					939054022E96E73100908A7E = {
						CreatedOnToolsVersion = 16.4;
					};
					9390540F2E96E73B00908A7E = {
						CreatedOnToolsVersion = 16.4;
						TestTargetID = 939054022E96E73100908A7E;
					};
					939054192E96E73B00908A7E = {
						CreatedOnToolsVersion = 16.4;
						TestTargetID = 939054022E96E73100908A7E;
					};
				};
			};
			buildConfigurationList = 939053FE2E96E73100908A7E /* Build configuration list for PBXProject "TouchGrass" */;
			developmentRegion = en;
			hasScannedForEncodings = 0;
			knownRegions = (
				en,
				Base,
			);
			mainGroup = 939053FA2E96E73100908A7E;
			minimizedProjectReferenceProxies = 1;
			packageReferences = (
				93A1AA382EA1A040005B208F /* XCRemoteSwiftPackageReference "firebase-ios-sdk" */,
			);
			preferredProjectObjectVersion = 77;
			productRefGroup = 939053FA2E96E73100908A7E;
			projectDirPath = "";
			projectRoot = "";
			targets = (
				939054022E96E73100908A7E /* TouchGrass */,
				9390540F2E96E73B00908A7E /* TouchGrassTests */,
				939054192E96E73B00908A7E /* TouchGrassUITests */,
			);
		};
/* End PBXProject section */

/* Begin PBXResourcesBuildPhase section */
		939054012E96E73100908A7E /* Resources */ = {
			isa = PBXResourcesBuildPhase;
			buildActionMask = 2147483647;
			files = (
				9390543C2E96E99D00908A7E /* .gitignore in Resources */,
			);
			runOnlyForDeploymentPostprocessing = 0;
		};
		9390540E2E96E73B00908A7E /* Resources */ = {
			isa = PBXResourcesBuildPhase;
			buildActionMask = 2147483647;
			files = (
			);
			runOnlyForDeploymentPostprocessing = 0;
		};
		939054182E96E73B00908A7E /* Resources */ = {
			isa = PBXResourcesBuildPhase;
			buildActionMask = 2147483647;
			files = (
			);
			runOnlyForDeploymentPostprocessing = 0;
		};
/* End PBXResourcesBuildPhase section */

/* Begin PBXSourcesBuildPhase section */
		939053FF2E96E73100908A7E /* Sources */ = {
			isa = PBXSourcesBuildPhase;
			buildActionMask = 2147483647;
			files = (
			);
			runOnlyForDeploymentPostprocessing = 0;
		};
		9390540C2E96E73B00908A7E /* Sources */ = {
			isa = PBXSourcesBuildPhase;
			buildActionMask = 2147483647;
			files = (
			);
			runOnlyForDeploymentPostprocessing = 0;
		};
		939054162E96E73B00908A7E /* Sources */ = {
			isa = PBXSourcesBuildPhase;
			buildActionMask = 2147483647;
			files = (
			);
			runOnlyForDeploymentPostprocessing = 0;
		};
/* End PBXSourcesBuildPhase section */

/* Begin PBXTargetDependency section */
		939054122E96E73B00908A7E /* PBXTargetDependency */ = {
			isa = PBXTargetDependency;
			target = 939054022E96E73100908A7E /* TouchGrass */;
			targetProxy = 939054112E96E73B00908A7E /* PBXContainerItemProxy */;
		};
		9390541C2E96E73B00908A7E /* PBXTargetDependency */ = {
			isa = PBXTargetDependency;
			target = 939054022E96E73100908A7E /* TouchGrass */;
			targetProxy = 9390541B2E96E73B00908A7E /* PBXContainerItemProxy */;
		};
/* End PBXTargetDependency section */

/* Begin XCBuildConfiguration section */
		939054222E96E73B00908A7E /* Debug */ = {
			isa = XCBuildConfiguration;
			buildSettings = {
				ALWAYS_SEARCH_USER_PATHS = NO;
				ASSETCATALOG_COMPILER_GENERATE_SWIFT_ASSET_SYMBOL_EXTENSIONS = YES;
				CLANG_ANALYZER_NONNULL = YES;
				CLANG_ANALYZER_NUMBER_OBJECT_CONVERSION = YES_AGGRESSIVE;
				CLANG_CXX_LANGUAGE_STANDARD = "gnu++20";
				CLANG_ENABLE_MODULES = YES;
				CLANG_ENABLE_OBJC_ARC = YES;
				CLANG_ENABLE_OBJC_WEAK = YES;
				CLANG_WARN_BLOCK_CAPTURE_AUTORELEASING = YES;
				CLANG_WARN_BOOL_CONVERSION = YES;
				CLANG_WARN_COMMA = YES;
				CLANG_WARN_CONSTANT_CONVERSION = YES;
				CLANG_WARN_DEPRECATED_OBJC_IMPLEMENTATIONS = YES;
				CLANG_WARN_DIRECT_OBJC_ISA_USAGE = YES_ERROR;
				CLANG_WARN_DOCUMENTATION_COMMENTS = YES;
				CLANG_WARN_EMPTY_BODY = YES;
				CLANG_WARN_ENUM_CONVERSION = YES;
				CLANG_WARN_INFINITE_RECURSION = YES;
				CLANG_WARN_INT_CONVERSION = YES;
				CLANG_WARN_NON_LITERAL_NULL_CONVERSION = YES;
				CLANG_WARN_OBJC_IMPLICIT_RETAIN_SELF = YES;
				CLANG_WARN_OBJC_LITERAL_CONVERSION = YES;
				CLANG_WARN_OBJC_ROOT_CLASS = YES_ERROR;
				CLANG_WARN_QUOTED_INCLUDE_IN_FRAMEWORK_HEADER = YES;
				CLANG_WARN_RANGE_LOOP_ANALYSIS = YES;
				CLANG_WARN_STRICT_PROTOTYPES = YES;
				CLANG_WARN_SUSPICIOUS_MOVE = YES;
				CLANG_WARN_UNGUARDED_AVAILABILITY = YES_AGGRESSIVE;
				CLANG_WARN_UNREACHABLE_CODE = YES;
				CLANG_WARN__DUPLICATE_METHOD_MATCH = YES;
				COPY_PHASE_STRIP = NO;
				DEBUG_INFORMATION_FORMAT = dwarf;
				ENABLE_STRICT_OBJC_MSGSEND = YES;
				ENABLE_TESTABILITY = YES;
				ENABLE_USER_SCRIPT_SANDBOXING = YES;
				GCC_C_LANGUAGE_STANDARD = gnu17;
				GCC_DYNAMIC_NO_PIC = NO;
				GCC_NO_COMMON_BLOCKS = YES;
				GCC_OPTIMIZATION_LEVEL = 0;
				GCC_PREPROCESSOR_DEFINITIONS = (
					"DEBUG=1",
					"$(inherited)",
				);
				GCC_WARN_64_TO_32_BIT_CONVERSION = YES;
				GCC_WARN_ABOUT_RETURN_TYPE = YES_ERROR;
				GCC_WARN_UNDECLARED_SELECTOR = YES;
				GCC_WARN_UNINITIALIZED_AUTOS = YES_AGGRESSIVE;
				GCC_WARN_UNUSED_FUNCTION = YES;
				GCC_WARN_UNUSED_VARIABLE = YES;
				IPHONEOS_DEPLOYMENT_TARGET = 18.5;
				LOCALIZATION_PREFERS_STRING_CATALOGS = YES;
				MTL_ENABLE_DEBUG_INFO = INCLUDE_SOURCE;
				MTL_FAST_MATH = YES;
				ONLY_ACTIVE_ARCH = YES;
				SDKROOT = iphoneos;
				SWIFT_ACTIVE_COMPILATION_CONDITIONS = "DEBUG $(inherited)";
				SWIFT_OPTIMIZATION_LEVEL = "-Onone";
			};
			name = Debug;
		};
		939054232E96E73B00908A7E /* Release */ = {
			isa = XCBuildConfiguration;
			buildSettings = {
				ALWAYS_SEARCH_USER_PATHS = NO;
				ASSETCATALOG_COMPILER_GENERATE_SWIFT_ASSET_SYMBOL_EXTENSIONS = YES;
				CLANG_ANALYZER_NONNULL = YES;
				CLANG_ANALYZER_NUMBER_OBJECT_CONVERSION = YES_AGGRESSIVE;
				CLANG_CXX_LANGUAGE_STANDARD = "gnu++20";
				CLANG_ENABLE_MODULES = YES;
				CLANG_ENABLE_OBJC_ARC = YES;
				CLANG_ENABLE_OBJC_WEAK = YES;
				CLANG_WARN_BLOCK_CAPTURE_AUTORELEASING = YES;
				CLANG_WARN_BOOL_CONVERSION = YES;
				CLANG_WARN_COMMA = YES;
				CLANG_WARN_CONSTANT_CONVERSION = YES;
				CLANG_WARN_DEPRECATED_OBJC_IMPLEMENTATIONS = YES;
				CLANG_WARN_DIRECT_OBJC_ISA_USAGE = YES_ERROR;
				CLANG_WARN_DOCUMENTATION_COMMENTS = YES;
				CLANG_WARN_EMPTY_BODY = YES;
				CLANG_WARN_ENUM_CONVERSION = YES;
				CLANG_WARN_INFINITE_RECURSION = YES;
				CLANG_WARN_INT_CONVERSION = YES;
				CLANG_WARN_NON_LITERAL_NULL_CONVERSION = YES;
				CLANG_WARN_OBJC_IMPLICIT_RETAIN_SELF = YES;
				CLANG_WARN_OBJC_LITERAL_CONVERSION = YES;
				CLANG_WARN_OBJC_ROOT_CLASS = YES_ERROR;
				CLANG_WARN_QUOTED_INCLUDE_IN_FRAMEWORK_HEADER = YES;
				CLANG_WARN_RANGE_LOOP_ANALYSIS = YES;
				CLANG_WARN_STRICT_PROTOTYPES = YES;
				CLANG_WARN_SUSPICIOUS_MOVE = YES;
				CLANG_WARN_UNGUARDED_AVAILABILITY = YES_AGGRESSIVE;
				CLANG_WARN_UNREACHABLE_CODE = YES;
				CLANG_WARN__DUPLICATE_METHOD_MATCH = YES;
				COPY_PHASE_STRIP = NO;
				DEBUG_INFORMATION_FORMAT = "dwarf-with-dsym";
				ENABLE_NS_ASSERTIONS = NO;
				ENABLE_STRICT_OBJC_MSGSEND = YES;
				ENABLE_USER_SCRIPT_SANDBOXING = YES;
				GCC_C_LANGUAGE_STANDARD = gnu17;
				GCC_NO_COMMON_BLOCKS = YES;
				GCC_WARN_64_TO_32_BIT_CONVERSION = YES;
				GCC_WARN_ABOUT_RETURN_TYPE = YES_ERROR;
				GCC_WARN_UNDECLARED_SELECTOR = YES;
				GCC_WARN_UNINITIALIZED_AUTOS = YES_AGGRESSIVE;
				GCC_WARN_UNUSED_FUNCTION = YES;
				GCC_WARN_UNUSED_VARIABLE = YES;
				IPHONEOS_DEPLOYMENT_TARGET = 18.5;
				LOCALIZATION_PREFERS_STRING_CATALOGS = YES;
				MTL_ENABLE_DEBUG_INFO = NO;
				MTL_FAST_MATH = YES;
				SDKROOT = iphoneos;
				SWIFT_COMPILATION_MODE = wholemodule;
				VALIDATE_PRODUCT = YES;
			};
			name = Release;
		};
		939054252E96E73B00908A7E /* Debug */ = {
			isa = XCBuildConfiguration;
			buildSettings = {
				ASSETCATALOG_COMPILER_APPICON_NAME = AppIcon;
				ASSETCATALOG_COMPILER_GLOBAL_ACCENT_COLOR_NAME = AccentColor;
				CODE_SIGN_STYLE = Automatic;
				CURRENT_PROJECT_VERSION = 1;
				ENABLE_PREVIEWS = YES;
				GENERATE_INFOPLIST_FILE = YES;
				INFOPLIST_KEY_NSLocationWhenInUseUsageDescription = "We need your location so our app will work";
				INFOPLIST_KEY_UIApplicationSceneManifest_Generation = YES;
				INFOPLIST_KEY_UIApplicationSupportsIndirectInputEvents = YES;
				INFOPLIST_KEY_UILaunchScreen_Generation = YES;
				INFOPLIST_KEY_UISupportedInterfaceOrientations_iPad = "UIInterfaceOrientationPortrait UIInterfaceOrientationPortraitUpsideDown UIInterfaceOrientationLandscapeLeft UIInterfaceOrientationLandscapeRight";
				INFOPLIST_KEY_UISupportedInterfaceOrientations_iPhone = "UIInterfaceOrientationPortrait UIInterfaceOrientationLandscapeLeft UIInterfaceOrientationLandscapeRight";
				LD_RUNPATH_SEARCH_PATHS = (
					"$(inherited)",
					"@executable_path/Frameworks",
				);
				MARKETING_VERSION = 1.0;
				PRODUCT_BUNDLE_IDENTIFIER = com.cs3750.TouchGrass;
				PRODUCT_NAME = "$(TARGET_NAME)";
				SWIFT_EMIT_LOC_STRINGS = YES;
				SWIFT_VERSION = 5.0;
				TARGETED_DEVICE_FAMILY = "1,2";
			};
			name = Debug;
		};
		939054262E96E73B00908A7E /* Release */ = {
			isa = XCBuildConfiguration;
			buildSettings = {
				ASSETCATALOG_COMPILER_APPICON_NAME = AppIcon;
				ASSETCATALOG_COMPILER_GLOBAL_ACCENT_COLOR_NAME = AccentColor;
				CODE_SIGN_STYLE = Automatic;
				CURRENT_PROJECT_VERSION = 1;
				ENABLE_PREVIEWS = YES;
				GENERATE_INFOPLIST_FILE = YES;
				INFOPLIST_KEY_NSLocationWhenInUseUsageDescription = "We need your location so our app will work";
				INFOPLIST_KEY_UIApplicationSceneManifest_Generation = YES;
				INFOPLIST_KEY_UIApplicationSupportsIndirectInputEvents = YES;
				INFOPLIST_KEY_UILaunchScreen_Generation = YES;
				INFOPLIST_KEY_UISupportedInterfaceOrientations_iPad = "UIInterfaceOrientationPortrait UIInterfaceOrientationPortraitUpsideDown UIInterfaceOrientationLandscapeLeft UIInterfaceOrientationLandscapeRight";
				INFOPLIST_KEY_UISupportedInterfaceOrientations_iPhone = "UIInterfaceOrientationPortrait UIInterfaceOrientationLandscapeLeft UIInterfaceOrientationLandscapeRight";
				LD_RUNPATH_SEARCH_PATHS = (
					"$(inherited)",
					"@executable_path/Frameworks",
				);
				MARKETING_VERSION = 1.0;
				PRODUCT_BUNDLE_IDENTIFIER = com.cs3750.TouchGrass;
				PRODUCT_NAME = "$(TARGET_NAME)";
				SWIFT_EMIT_LOC_STRINGS = YES;
				SWIFT_VERSION = 5.0;
				TARGETED_DEVICE_FAMILY = "1,2";
			};
			name = Release;
		};
		939054282E96E73B00908A7E /* Debug */ = {
			isa = XCBuildConfiguration;
			buildSettings = {
				BUNDLE_LOADER = "$(TEST_HOST)";
				CODE_SIGN_STYLE = Automatic;
				CURRENT_PROJECT_VERSION = 1;
				GENERATE_INFOPLIST_FILE = YES;
				IPHONEOS_DEPLOYMENT_TARGET = 18.5;
				MARKETING_VERSION = 1.0;
				PRODUCT_BUNDLE_IDENTIFIER = com.cs3750.TouchGrassTests;
				PRODUCT_NAME = "$(TARGET_NAME)";
				SWIFT_EMIT_LOC_STRINGS = NO;
				SWIFT_VERSION = 5.0;
				TARGETED_DEVICE_FAMILY = "1,2";
				TEST_HOST = "$(BUILT_PRODUCTS_DIR)/TouchGrass.app/$(BUNDLE_EXECUTABLE_FOLDER_PATH)/TouchGrass";
			};
			name = Debug;
		};
		939054292E96E73B00908A7E /* Release */ = {
			isa = XCBuildConfiguration;
			buildSettings = {
				BUNDLE_LOADER = "$(TEST_HOST)";
				CODE_SIGN_STYLE = Automatic;
				CURRENT_PROJECT_VERSION = 1;
				GENERATE_INFOPLIST_FILE = YES;
				IPHONEOS_DEPLOYMENT_TARGET = 18.5;
				MARKETING_VERSION = 1.0;
				PRODUCT_BUNDLE_IDENTIFIER = com.cs3750.TouchGrassTests;
				PRODUCT_NAME = "$(TARGET_NAME)";
				SWIFT_EMIT_LOC_STRINGS = NO;
				SWIFT_VERSION = 5.0;
				TARGETED_DEVICE_FAMILY = "1,2";
				TEST_HOST = "$(BUILT_PRODUCTS_DIR)/TouchGrass.app/$(BUNDLE_EXECUTABLE_FOLDER_PATH)/TouchGrass";
			};
			name = Release;
		};
		9390542B2E96E73B00908A7E /* Debug */ = {
			isa = XCBuildConfiguration;
			buildSettings = {
				CODE_SIGN_STYLE = Automatic;
				CURRENT_PROJECT_VERSION = 1;
				GENERATE_INFOPLIST_FILE = YES;
				MARKETING_VERSION = 1.0;
				PRODUCT_BUNDLE_IDENTIFIER = com.cs3750.TouchGrassUITests;
				PRODUCT_NAME = "$(TARGET_NAME)";
				SWIFT_EMIT_LOC_STRINGS = NO;
				SWIFT_VERSION = 5.0;
				TARGETED_DEVICE_FAMILY = "1,2";
				TEST_TARGET_NAME = TouchGrass;
			};
			name = Debug;
		};
		9390542C2E96E73B00908A7E /* Release */ = {
			isa = XCBuildConfiguration;
			buildSettings = {
				CODE_SIGN_STYLE = Automatic;
				CURRENT_PROJECT_VERSION = 1;
				GENERATE_INFOPLIST_FILE = YES;
				MARKETING_VERSION = 1.0;
				PRODUCT_BUNDLE_IDENTIFIER = com.cs3750.TouchGrassUITests;
				PRODUCT_NAME = "$(TARGET_NAME)";
				SWIFT_EMIT_LOC_STRINGS = NO;
				SWIFT_VERSION = 5.0;
				TARGETED_DEVICE_FAMILY = "1,2";
				TEST_TARGET_NAME = TouchGrass;
			};
			name = Release;
		};
/* End XCBuildConfiguration section */

/* Begin XCConfigurationList section */
		939053FE2E96E73100908A7E /* Build configuration list for PBXProject "TouchGrass" */ = {
			isa = XCConfigurationList;
			buildConfigurations = (
				939054222E96E73B00908A7E /* Debug */,
				939054232E96E73B00908A7E /* Release */,
			);
			defaultConfigurationIsVisible = 0;
			defaultConfigurationName = Release;
		};
		939054242E96E73B00908A7E /* Build configuration list for PBXNativeTarget "TouchGrass" */ = {
			isa = XCConfigurationList;
			buildConfigurations = (
				939054252E96E73B00908A7E /* Debug */,
				939054262E96E73B00908A7E /* Release */,
			);
			defaultConfigurationIsVisible = 0;
			defaultConfigurationName = Release;
		};
		939054272E96E73B00908A7E /* Build configuration list for PBXNativeTarget "TouchGrassTests" */ = {
			isa = XCConfigurationList;
			buildConfigurations = (
				939054282E96E73B00908A7E /* Debug */,
				939054292E96E73B00908A7E /* Release */,
			);
			defaultConfigurationIsVisible = 0;
			defaultConfigurationName = Release;
		};
		9390542A2E96E73B00908A7E /* Build configuration list for PBXNativeTarget "TouchGrassUITests" */ = {
			isa = XCConfigurationList;
			buildConfigurations = (
				9390542B2E96E73B00908A7E /* Debug */,
				9390542C2E96E73B00908A7E /* Release */,
			);
			defaultConfigurationIsVisible = 0;
			defaultConfigurationName = Release;
		};
/* End XCConfigurationList section */

/* Begin XCRemoteSwiftPackageReference section */
		93A1AA382EA1A040005B208F /* XCRemoteSwiftPackageReference "firebase-ios-sdk" */ = {
			isa = XCRemoteSwiftPackageReference;
			repositoryURL = "https://github.com/firebase/firebase-ios-sdk";
			requirement = {
				kind = upToNextMajorVersion;
				minimumVersion = 12.4.0;
			};
		};
/* End XCRemoteSwiftPackageReference section */

/* Begin XCSwiftPackageProductDependency section */
		93A1AA392EA1A040005B208F /* FirebaseAnalytics */ = {
			isa = XCSwiftPackageProductDependency;
			package = 93A1AA382EA1A040005B208F /* XCRemoteSwiftPackageReference "firebase-ios-sdk" */;
			productName = FirebaseAnalytics;
		};
		93A1AA3B2EA1A040005B208F /* FirebaseAuth */ = {
			isa = XCSwiftPackageProductDependency;
			package = 93A1AA382EA1A040005B208F /* XCRemoteSwiftPackageReference "firebase-ios-sdk" */;
			productName = FirebaseAuth;
		};
		93A1AA3D2EA1A040005B208F /* FirebaseCore */ = {
			isa = XCSwiftPackageProductDependency;
			package = 93A1AA382EA1A040005B208F /* XCRemoteSwiftPackageReference "firebase-ios-sdk" */;
			productName = FirebaseCore;
		};
		93A1AA3F2EA1A040005B208F /* FirebaseFirestore */ = {
			isa = XCSwiftPackageProductDependency;
			package = 93A1AA382EA1A040005B208F /* XCRemoteSwiftPackageReference "firebase-ios-sdk" */;
			productName = FirebaseFirestore;
		};
		93A1AA412EA1A040005B208F /* FirebaseStorage */ = {
			isa = XCSwiftPackageProductDependency;
			package = 93A1AA382EA1A040005B208F /* XCRemoteSwiftPackageReference "firebase-ios-sdk" */;
			productName = FirebaseStorage;
		};
/* End XCSwiftPackageProductDependency section */
	};
	rootObject = 939053FB2E96E73100908A7E /* Project object */;
}
